
Microsoft Visual Studio Solution File, Format Version 12.00
# Visual Studio Version 16
VisualStudioVersion = 16.0.33529.622
MinimumVisualStudioVersion = 10.0.40219.1
Project("{FAE04EC0-301F-11D3-BF4B-00C04F79EFBC}") = "DirectorWorkBakaev", "DirectorWorkBakaev\DirectorWorkBakaev.csproj", "{AD5F659E-F08C-4F75-A7CB-C7703552ECEA}"
EndProject
Global
	GlobalSection(SolutionConfigurationPlatforms) = preSolution
		Debug|Any CPU = Debug|Any CPU
		Release|Any CPU = Release|Any CPU
	EndGlobalSection
	GlobalSection(ProjectConfigurationPlatforms) = postSolution
		{AD5F659E-F08C-4F75-A7CB-C7703552ECEA}.Debug|Any CPU.ActiveCfg = Debug|Any CPU
		{AD5F659E-F08C-4F75-A7CB-C7703552ECEA}.Debug|Any CPU.Build.0 = Debug|Any CPU
		{AD5F659E-F08C-4F75-A7CB-C7703552ECEA}.Release|Any CPU.ActiveCfg = Release|Any CPU
		{AD5F659E-F08C-4F75-A7CB-C7703552ECEA}.Release|Any CPU.Build.0 = Release|Any CPU
	EndGlobalSection
	GlobalSection(SolutionProperties) = preSolution
		HideSolutionNode = FALSE
	EndGlobalSection
	GlobalSection(ExtensibilityGlobals) = postSolution
		SolutionGuid = {53CBDE28-D836-48F6-8E25-FA2A9807ECA3}
	EndGlobalSection
EndGlobal
